
Microsoft Visual Studio Solution File, Format Version 12.00
# Visual Studio Version 17
VisualStudioVersion = 17.3.32825.248
MinimumVisualStudioVersion = 10.0.40219.1
Project("{8BC9CEB8-8B4A-11D0-8D11-00A0C91BC942}") = "OpenGL", "src\OpenGL\OpenGL.vcxproj", "{297FE292-E6EF-4785-9007-941DFD0A78C1}"
EndProject
Project("{8BC9CEB8-8B4A-11D0-8D11-00A0C91BC942}") = "Lighting", "src\Lighting\Lighting.vcxproj", "{3BF1DEFE-2990-4657-B08C-145A88125E7B}"
EndProject
Project("{8BC9CEB8-8B4A-11D0-8D11-00A0C91BC942}") = "FrameBuffer", "src\FrameBuffer\FrameBuffer.vcxproj", "{F47107A9-FCB3-41F0-AEF5-E90BF8FC0A47}"
EndProject
Project("{8BC9CEB8-8B4A-11D0-8D11-00A0C91BC942}") = "ShadowMap", "src\ShadowMap\ShadowMap.vcxproj", "{8F0B5392-B3D5-4B47-98F4-2C0B6D60C25C}"
EndProject
Global
	GlobalSection(SolutionConfigurationPlatforms) = preSolution
		Debug|x64 = Debug|x64
		Debug|x86 = Debug|x86
		Release|x64 = Release|x64
		Release|x86 = Release|x86
	EndGlobalSection
	GlobalSection(ProjectConfigurationPlatforms) = postSolution
		{297FE292-E6EF-4785-9007-941DFD0A78C1}.Debug|x64.ActiveCfg = Debug|x64
		{297FE292-E6EF-4785-9007-941DFD0A78C1}.Debug|x64.Build.0 = Debug|x64
		{297FE292-E6EF-4785-9007-941DFD0A78C1}.Debug|x86.ActiveCfg = Debug|Win32
		{297FE292-E6EF-4785-9007-941DFD0A78C1}.Debug|x86.Build.0 = Debug|Win32
		{297FE292-E6EF-4785-9007-941DFD0A78C1}.Release|x64.ActiveCfg = Release|x64
		{297FE292-E6EF-4785-9007-941DFD0A78C1}.Release|x64.Build.0 = Release|x64
		{297FE292-E6EF-4785-9007-941DFD0A78C1}.Release|x86.ActiveCfg = Release|Win32
		{297FE292-E6EF-4785-9007-941DFD0A78C1}.Release|x86.Build.0 = Release|Win32
		{3BF1DEFE-2990-4657-B08C-145A88125E7B}.Debug|x64.ActiveCfg = Debug|x64
		{3BF1DEFE-2990-4657-B08C-145A88125E7B}.Debug|x64.Build.0 = Debug|x64
		{3BF1DEFE-2990-4657-B08C-145A88125E7B}.Debug|x86.ActiveCfg = Debug|Win32
		{3BF1DEFE-2990-4657-B08C-145A88125E7B}.Debug|x86.Build.0 = Debug|Win32
		{3BF1DEFE-2990-4657-B08C-145A88125E7B}.Release|x64.ActiveCfg = Release|x64
		{3BF1DEFE-2990-4657-B08C-145A88125E7B}.Release|x64.Build.0 = Release|x64
		{3BF1DEFE-2990-4657-B08C-145A88125E7B}.Release|x86.ActiveCfg = Release|Win32
		{3BF1DEFE-2990-4657-B08C-145A88125E7B}.Release|x86.Build.0 = Release|Win32
		{F47107A9-FCB3-41F0-AEF5-E90BF8FC0A47}.Debug|x64.ActiveCfg = Debug|x64
		{F47107A9-FCB3-41F0-AEF5-E90BF8FC0A47}.Debug|x64.Build.0 = Debug|x64
		{F47107A9-FCB3-41F0-AEF5-E90BF8FC0A47}.Debug|x86.ActiveCfg = Debug|Win32
		{F47107A9-FCB3-41F0-AEF5-E90BF8FC0A47}.Debug|x86.Build.0 = Debug|Win32
		{F47107A9-FCB3-41F0-AEF5-E90BF8FC0A47}.Release|x64.ActiveCfg = Release|x64
		{F47107A9-FCB3-41F0-AEF5-E90BF8FC0A47}.Release|x64.Build.0 = Release|x64
		{F47107A9-FCB3-41F0-AEF5-E90BF8FC0A47}.Release|x86.ActiveCfg = Release|Win32
		{F47107A9-FCB3-41F0-AEF5-E90BF8FC0A47}.Release|x86.Build.0 = Release|Win32
		{8F0B5392-B3D5-4B47-98F4-2C0B6D60C25C}.Debug|x64.ActiveCfg = Debug|x64
		{8F0B5392-B3D5-4B47-98F4-2C0B6D60C25C}.Debug|x64.Build.0 = Debug|x64
		{8F0B5392-B3D5-4B47-98F4-2C0B6D60C25C}.Debug|x86.ActiveCfg = Debug|Win32
		{8F0B5392-B3D5-4B47-98F4-2C0B6D60C25C}.Debug|x86.Build.0 = Debug|Win32
		{8F0B5392-B3D5-4B47-98F4-2C0B6D60C25C}.Release|x64.ActiveCfg = Release|x64
		{8F0B5392-B3D5-4B47-98F4-2C0B6D60C25C}.Release|x64.Build.0 = Release|x64
		{8F0B5392-B3D5-4B47-98F4-2C0B6D60C25C}.Release|x86.ActiveCfg = Release|Win32
		{8F0B5392-B3D5-4B47-98F4-2C0B6D60C25C}.Release|x86.Build.0 = Release|Win32
	EndGlobalSection
	GlobalSection(SolutionProperties) = preSolution
		HideSolutionNode = FALSE
	EndGlobalSection
	GlobalSection(ExtensibilityGlobals) = postSolution
		SolutionGuid = {F037115D-CC9B-400F-BEC6-CFD62A9F312A}
	EndGlobalSection
EndGlobal
